
Microsoft Visual Studio Solution File, Format Version 12.00
# Visual Studio Version 17
VisualStudioVersion = 17.0.31903.59
MinimumVisualStudioVersion = 10.0.40219.1
Project("{FAE04EC0-301F-11D3-BF4B-00C04F79EFBC}") = "SalesManager.Lib", "SalesManager.Lib\SalesManager.Lib.csproj", "{BBEFBBB8-4517-4710-9421-6D73166130F7}"
EndProject
Project("{FAE04EC0-301F-11D3-BF4B-00C04F79EFBC}") = "SalesManager.Web", "SalesManager.Web\SalesManager.Web.csproj", "{13ADAD04-7285-42D2-B658-525A0906E024}"
EndProject
Global
	GlobalSection(SolutionConfigurationPlatforms) = preSolution
		Debug|Any CPU = Debug|Any CPU
		Release|Any CPU = Release|Any CPU
	EndGlobalSection
	GlobalSection(SolutionProperties) = preSolution
		HideSolutionNode = FALSE
	EndGlobalSection
	GlobalSection(ProjectConfigurationPlatforms) = postSolution
		{BBEFBBB8-4517-4710-9421-6D73166130F7}.Debug|Any CPU.ActiveCfg = Debug|Any CPU
		{BBEFBBB8-4517-4710-9421-6D73166130F7}.Debug|Any CPU.Build.0 = Debug|Any CPU
		{BBEFBBB8-4517-4710-9421-6D73166130F7}.Release|Any CPU.ActiveCfg = Release|Any CPU
		{BBEFBBB8-4517-4710-9421-6D73166130F7}.Release|Any CPU.Build.0 = Release|Any CPU
		{13ADAD04-7285-42D2-B658-525A0906E024}.Debug|Any CPU.ActiveCfg = Debug|Any CPU
		{13ADAD04-7285-42D2-B658-525A0906E024}.Debug|Any CPU.Build.0 = Debug|Any CPU
		{13ADAD04-7285-42D2-B658-525A0906E024}.Release|Any CPU.ActiveCfg = Release|Any CPU
		{13ADAD04-7285-42D2-B658-525A0906E024}.Release|Any CPU.Build.0 = Release|Any CPU
	EndGlobalSection
EndGlobal
